
Microsoft Visual Studio Solution File, Format Version 12.00
# Visual Studio Version 17
VisualStudioVersion = 17.11.35327.3
MinimumVisualStudioVersion = 10.0.40219.1
Project("{FAE04EC0-301F-11D3-BF4B-00C04F79EFBC}") = "WindowsFormsSearchForText", "WindowsFormsSearchForText.csproj", "{1A5425EA-5488-4088-9413-C68801F7FD5D}"
EndProject
Global
	GlobalSection(SolutionConfigurationPlatforms) = preSolution
		Debug|Any CPU = Debug|Any CPU
		Release|Any CPU = Release|Any CPU
	EndGlobalSection
	GlobalSection(ProjectConfigurationPlatforms) = postSolution
		{1A5425EA-5488-4088-9413-C68801F7FD5D}.Debug|Any CPU.ActiveCfg = Debug|Any CPU
		{1A5425EA-5488-4088-9413-C68801F7FD5D}.Debug|Any CPU.Build.0 = Debug|Any CPU
		{1A5425EA-5488-4088-9413-C68801F7FD5D}.Release|Any CPU.ActiveCfg = Release|Any CPU
		{1A5425EA-5488-4088-9413-C68801F7FD5D}.Release|Any CPU.Build.0 = Release|Any CPU
	EndGlobalSection
	GlobalSection(SolutionProperties) = preSolution
		HideSolutionNode = FALSE
	EndGlobalSection
	GlobalSection(ExtensibilityGlobals) = postSolution
		SolutionGuid = {F93F059D-4494-49C9-AEEC-58D5CC10AC4C}
	EndGlobalSection
EndGlobal
